// !$*UTF8*$!
{
	archiveVersion = 1;
	classes = {
	};
	objectVersion = 50;
	objects = {

/* Begin PBXBuildFile section */
		AB59C81F89393977267473CF /* libPods-B_Category.a in Frameworks */ = {isa = PBXBuildFile; fileRef = 78FF6959D3FB9286CE6D240C /* libPods-B_Category.a */; };
		BC4555D6269BE5A6002FAC33 /* AppDelegate.m in Sources */ = {isa = PBXBuildFile; fileRef = BC4555D5269BE5A6002FAC33 /* AppDelegate.m */; };
		BC4555D9269BE5A6002FAC33 /* SceneDelegate.m in Sources */ = {isa = PBXBuildFile; fileRef = BC4555D8269BE5A6002FAC33 /* SceneDelegate.m */; };
		BC4555DC269BE5A6002FAC33 /* ViewController.m in Sources */ = {isa = PBXBuildFile; fileRef = BC4555DB269BE5A6002FAC33 /* ViewController.m */; };
		BC4555DF269BE5A6002FAC33 /* Main.storyboard in Resources */ = {isa = PBXBuildFile; fileRef = BC4555DD269BE5A6002FAC33 /* Main.storyboard */; };
		BC4555E1269BE5A8002FAC33 /* Assets.xcassets in Resources */ = {isa = PBXBuildFile; fileRef = BC4555E0269BE5A8002FAC33 /* Assets.xcassets */; };
		BC4555E4269BE5A8002FAC33 /* LaunchScreen.storyboard in Resources */ = {isa = PBXBuildFile; fileRef = BC4555E2269BE5A8002FAC33 /* LaunchScreen.storyboard */; };
		BC4555E7269BE5A8002FAC33 /* main.m in Sources */ = {isa = PBXBuildFile; fileRef = BC4555E6269BE5A8002FAC33 /* main.m */; };
		BC4555F0269BE681002FAC33 /* CTMediator+B.m in Sources */ = {isa = PBXBuildFile; fileRef = BC4555EF269BE681002FAC33 /* CTMediator+B.m */; };
/* End PBXBuildFile section */

/* Begin PBXFileReference section */
		0B96AB60D0D9FB3F6BD68BE2 /* Pods-B_Category.debug.xcconfig */ = {isa = PBXFileReference; includeInIndex = 1; lastKnownFileType = text.xcconfig; name = "Pods-B_Category.debug.xcconfig"; path = "Target Support Files/Pods-B_Category/Pods-B_Category.debug.xcconfig"; sourceTree = "<group>"; };
		5CDB99BFEAE108045194C81C /* Pods-B_Category.release.xcconfig */ = {isa = PBXFileReference; includeInIndex = 1; lastKnownFileType = text.xcconfig; name = "Pods-B_Category.release.xcconfig"; path = "Target Support Files/Pods-B_Category/Pods-B_Category.release.xcconfig"; sourceTree = "<group>"; };
		78FF6959D3FB9286CE6D240C /* libPods-B_Category.a */ = {isa = PBXFileReference; explicitFileType = archive.ar; includeInIndex = 0; path = "libPods-B_Category.a"; sourceTree = BUILT_PRODUCTS_DIR; };
		BC4555D1269BE5A6002FAC33 /* B_Category.app */ = {isa = PBXFileReference; explicitFileType = wrapper.application; includeInIndex = 0; path = B_Category.app; sourceTree = BUILT_PRODUCTS_DIR; };
		BC4555D4269BE5A6002FAC33 /* AppDelegate.h */ = {isa = PBXFileReference; lastKnownFileType = sourcecode.c.h; path = AppDelegate.h; sourceTree = "<group>"; };
		BC4555D5269BE5A6002FAC33 /* AppDelegate.m */ = {isa = PBXFileReference; lastKnownFileType = sourcecode.c.objc; path = AppDelegate.m; sourceTree = "<group>"; };
		BC4555D7269BE5A6002FAC33 /* SceneDelegate.h */ = {isa = PBXFileReference; lastKnownFileType = sourcecode.c.h; path = SceneDelegate.h; sourceTree = "<group>"; };
		BC4555D8269BE5A6002FAC33 /* SceneDelegate.m */ = {isa = PBXFileReference; lastKnownFileType = sourcecode.c.objc; path = SceneDelegate.m; sourceTree = "<group>"; };
		BC4555DA269BE5A6002FAC33 /* ViewController.h */ = {isa = PBXFileReference; lastKnownFileType = sourcecode.c.h; path = ViewController.h; sourceTree = "<group>"; };
		BC4555DB269BE5A6002FAC33 /* ViewController.m */ = {isa = PBXFileReference; lastKnownFileType = sourcecode.c.objc; path = ViewController.m; sourceTree = "<group>"; };
		BC4555DE269BE5A6002FAC33 /* Base */ = {isa = PBXFileReference; lastKnownFileType = file.storyboard; name = Base; path = Base.lproj/Main.storyboard; sourceTree = "<group>"; };
		BC4555E0269BE5A8002FAC33 /* Assets.xcassets */ = {isa = PBXFileReference; lastKnownFileType = folder.assetcatalog; path = Assets.xcassets; sourceTree = "<group>"; };
		BC4555E3269BE5A8002FAC33 /* Base */ = {isa = PBXFileReference; lastKnownFileType = file.storyboard; name = Base; path = Base.lproj/LaunchScreen.storyboard; sourceTree = "<group>"; };
		BC4555E5269BE5A8002FAC33 /* Info.plist */ = {isa = PBXFileReference; lastKnownFileType = text.plist.xml; path = Info.plist; sourceTree = "<group>"; };
		BC4555E6269BE5A8002FAC33 /* main.m */ = {isa = PBXFileReference; lastKnownFileType = sourcecode.c.objc; path = main.m; sourceTree = "<group>"; };
		BC4555EE269BE681002FAC33 /* CTMediator+B.h */ = {isa = PBXFileReference; lastKnownFileType = sourcecode.c.h; path = "CTMediator+B.h"; sourceTree = "<group>"; };
		BC4555EF269BE681002FAC33 /* CTMediator+B.m */ = {isa = PBXFileReference; lastKnownFileType = sourcecode.c.objc; path = "CTMediator+B.m"; sourceTree = "<group>"; };
/* End PBXFileReference section */

/* Begin PBXFrameworksBuildPhase section */
		BC4555CE269BE5A6002FAC33 /* Frameworks */ = {
			isa = PBXFrameworksBuildPhase;
			buildActionMask = 2147483647;
			files = (
				AB59C81F89393977267473CF /* libPods-B_Category.a in Frameworks */,
			);
			runOnlyForDeploymentPostprocessing = 0;
		};
/* End PBXFrameworksBuildPhase section */

/* Begin PBXGroup section */
		48B2240B658BB1E7AEDEA644 /* Pods */ = {
			isa = PBXGroup;
			children = (
				0B96AB60D0D9FB3F6BD68BE2 /* Pods-B_Category.debug.xcconfig */,
				5CDB99BFEAE108045194C81C /* Pods-B_Category.release.xcconfig */,
			);
			path = Pods;
			sourceTree = "<group>";
		};
		9CE08168F9C3FB2E8C061C36 /* Frameworks */ = {
			isa = PBXGroup;
			children = (
				78FF6959D3FB9286CE6D240C /* libPods-B_Category.a */,
			);
			name = Frameworks;
			sourceTree = "<group>";
		};
		BC4555C8269BE5A6002FAC33 = {
			isa = PBXGroup;
			children = (
				BC4555D3269BE5A6002FAC33 /* B_Category */,
				BC4555D2269BE5A6002FAC33 /* Products */,
				48B2240B658BB1E7AEDEA644 /* Pods */,
				9CE08168F9C3FB2E8C061C36 /* Frameworks */,
			);
			sourceTree = "<group>";
		};
		BC4555D2269BE5A6002FAC33 /* Products */ = {
			isa = PBXGroup;
			children = (
				BC4555D1269BE5A6002FAC33 /* B_Category.app */,
			);
			name = Products;
			sourceTree = "<group>";
		};
		BC4555D3269BE5A6002FAC33 /* B_Category */ = {
			isa = PBXGroup;
			children = (
				BC4555ED269BE671002FAC33 /* B_Category */,
				BC4555D4269BE5A6002FAC33 /* AppDelegate.h */,
				BC4555D5269BE5A6002FAC33 /* AppDelegate.m */,
				BC4555D7269BE5A6002FAC33 /* SceneDelegate.h */,
				BC4555D8269BE5A6002FAC33 /* SceneDelegate.m */,
				BC4555DA269BE5A6002FAC33 /* ViewController.h */,
				BC4555DB269BE5A6002FAC33 /* ViewController.m */,
				BC4555DD269BE5A6002FAC33 /* Main.storyboard */,
				BC4555E0269BE5A8002FAC33 /* Assets.xcassets */,
				BC4555E2269BE5A8002FAC33 /* LaunchScreen.storyboard */,
				BC4555E5269BE5A8002FAC33 /* Info.plist */,
				BC4555E6269BE5A8002FAC33 /* main.m */,
			);
			path = B_Category;
			sourceTree = "<group>";
		};
		BC4555ED269BE671002FAC33 /* B_Category */ = {
			isa = PBXGroup;
			children = (
				BC4555EE269BE681002FAC33 /* CTMediator+B.h */,
				BC4555EF269BE681002FAC33 /* CTMediator+B.m */,
			);
			path = B_Category;
			sourceTree = "<group>";
		};
/* End PBXGroup section */

/* Begin PBXNativeTarget section */
		BC4555D0269BE5A6002FAC33 /* B_Category */ = {
			isa = PBXNativeTarget;
			buildConfigurationList = BC4555EA269BE5A8002FAC33 /* Build configuration list for PBXNativeTarget "B_Category" */;
			buildPhases = (
				0AC41C168F95A7E5DF925A08 /* [CP] Check Pods Manifest.lock */,
				BC4555CD269BE5A6002FAC33 /* Sources */,
				BC4555CE269BE5A6002FAC33 /* Frameworks */,
				BC4555CF269BE5A6002FAC33 /* Resources */,
			);
			buildRules = (
			);
			dependencies = (
			);
			name = B_Category;
			productName = B_Category;
			productReference = BC4555D1269BE5A6002FAC33 /* B_Category.app */;
			productType = "com.apple.product-type.application";
		};
/* End PBXNativeTarget section */

/* Begin PBXProject section */
		BC4555C9269BE5A6002FAC33 /* Project object */ = {
			isa = PBXProject;
			attributes = {
				LastUpgradeCheck = 1250;
				TargetAttributes = {
					BC4555D0269BE5A6002FAC33 = {
						CreatedOnToolsVersion = 12.5.1;
					};
				};
			};
			buildConfigurationList = BC4555CC269BE5A6002FAC33 /* Build configuration list for PBXProject "B_Category" */;
			compatibilityVersion = "Xcode 9.3";
			developmentRegion = en;
			hasScannedForEncodings = 0;
			knownRegions = (
				en,
				Base,
			);
			mainGroup = BC4555C8269BE5A6002FAC33;
			productRefGroup = BC4555D2269BE5A6002FAC33 /* Products */;
			projectDirPath = "";
			projectRoot = "";
			targets = (
				BC4555D0269BE5A6002FAC33 /* B_Category */,
			);
		};
/* End PBXProject section */

/* Begin PBXResourcesBuildPhase section */
		BC4555CF269BE5A6002FAC33 /* Resources */ = {
			isa = PBXResourcesBuildPhase;
			buildActionMask = 2147483647;
			files = (
				BC4555E4269BE5A8002FAC33 /* LaunchScreen.storyboard in Resources */,
				BC4555E1269BE5A8002FAC33 /* Assets.xcassets in Resources */,
				BC4555DF269BE5A6002FAC33 /* Main.storyboard in Resources */,
			);
			runOnlyForDeploymentPostprocessing = 0;
		};
/* End PBXResourcesBuildPhase section */

/* Begin PBXShellScriptBuildPhase section */
		0AC41C168F95A7E5DF925A08 /* [CP] Check Pods Manifest.lock */ = {
			isa = PBXShellScriptBuildPhase;
			buildActionMask = 2147483647;
			files = (
			);
			inputFileListPaths = (
			);
			inputPaths = (
				"${PODS_PODFILE_DIR_PATH}/Podfile.lock",
				"${PODS_ROOT}/Manifest.lock",
			);
			name = "[CP] Check Pods Manifest.lock";
			outputFileListPaths = (
			);
			outputPaths = (
				"$(DERIVED_FILE_DIR)/Pods-B_Category-checkManifestLockResult.txt",
			);
			runOnlyForDeploymentPostprocessing = 0;
			shellPath = /bin/sh;
			shellScript = "diff \"${PODS_PODFILE_DIR_PATH}/Podfile.lock\" \"${PODS_ROOT}/Manifest.lock\" > /dev/null\nif [ $? != 0 ] ; then\n    # print error to STDERR\n    echo \"error: The sandbox is not in sync with the Podfile.lock. Run 'pod install' or update your CocoaPods installation.\" >&2\n    exit 1\nfi\n# This output is used by Xcode 'outputs' to avoid re-running this script phase.\necho \"SUCCESS\" > \"${SCRIPT_OUTPUT_FILE_0}\"\n";
			showEnvVarsInLog = 0;
		};
/* End PBXShellScriptBuildPhase section */

/* Begin PBXSourcesBuildPhase section */
		BC4555CD269BE5A6002FAC33 /* Sources */ = {
			isa = PBXSourcesBuildPhase;
			buildActionMask = 2147483647;
			files = (
				BC4555DC269BE5A6002FAC33 /* ViewController.m in Sources */,
				BC4555D6269BE5A6002FAC33 /* AppDelegate.m in Sources */,
				BC4555E7269BE5A8002FAC33 /* main.m in Sources */,
				BC4555D9269BE5A6002FAC33 /* SceneDelegate.m in Sources */,
				BC4555F0269BE681002FAC33 /* CTMediator+B.m in Sources */,
			);
			runOnlyForDeploymentPostprocessing = 0;
		};
/* End PBXSourcesBuildPhase section */

/* Begin PBXVariantGroup section */
		BC4555DD269BE5A6002FAC33 /* Main.storyboard */ = {
			isa = PBXVariantGroup;
			children = (
				BC4555DE269BE5A6002FAC33 /* Base */,
			);
			name = Main.storyboard;
			sourceTree = "<group>";
		};
		BC4555E2269BE5A8002FAC33 /* LaunchScreen.storyboard */ = {
			isa = PBXVariantGroup;
			children = (
				BC4555E3269BE5A8002FAC33 /* Base */,
			);
			name = LaunchScreen.storyboard;
			sourceTree = "<group>";
		};
/* End PBXVariantGroup section */

/* Begin XCBuildConfiguration section */
		BC4555E8269BE5A8002FAC33 /* Debug */ = {
			isa = XCBuildConfiguration;
			buildSettings = {
				ALWAYS_SEARCH_USER_PATHS = NO;
				CLANG_ANALYZER_NONNULL = YES;
				CLANG_ANALYZER_NUMBER_OBJECT_CONVERSION = YES_AGGRESSIVE;
				CLANG_CXX_LANGUAGE_STANDARD = "gnu++14";
				CLANG_CXX_LIBRARY = "libc++";
				CLANG_ENABLE_MODULES = YES;
				CLANG_ENABLE_OBJC_ARC = YES;
				CLANG_ENABLE_OBJC_WEAK = YES;
				CLANG_WARN_BLOCK_CAPTURE_AUTORELEASING = YES;
				CLANG_WARN_BOOL_CONVERSION = YES;
				CLANG_WARN_COMMA = YES;
				CLANG_WARN_CONSTANT_CONVERSION = YES;
				CLANG_WARN_DEPRECATED_OBJC_IMPLEMENTATIONS = YES;
				CLANG_WARN_DIRECT_OBJC_ISA_USAGE = YES_ERROR;
				CLANG_WARN_DOCUMENTATION_COMMENTS = YES;
				CLANG_WARN_EMPTY_BODY = YES;
				CLANG_WARN_ENUM_CONVERSION = YES;
				CLANG_WARN_INFINITE_RECURSION = YES;
				CLANG_WARN_INT_CONVERSION = YES;
				CLANG_WARN_NON_LITERAL_NULL_CONVERSION = YES;
				CLANG_WARN_OBJC_IMPLICIT_RETAIN_SELF = YES;
				CLANG_WARN_OBJC_LITERAL_CONVERSION = YES;
				CLANG_WARN_OBJC_ROOT_CLASS = YES_ERROR;
				CLANG_WARN_QUOTED_INCLUDE_IN_FRAMEWORK_HEADER = YES;
				CLANG_WARN_RANGE_LOOP_ANALYSIS = YES;
				CLANG_WARN_STRICT_PROTOTYPES = YES;
				CLANG_WARN_SUSPICIOUS_MOVE = YES;
				CLANG_WARN_UNGUARDED_AVAILABILITY = YES_AGGRESSIVE;
				CLANG_WARN_UNREACHABLE_CODE = YES;
				CLANG_WARN__DUPLICATE_METHOD_MATCH = YES;
				COPY_PHASE_STRIP = NO;
				DEBUG_INFORMATION_FORMAT = dwarf;
				ENABLE_STRICT_OBJC_MSGSEND = YES;
				ENABLE_TESTABILITY = YES;
				GCC_C_LANGUAGE_STANDARD = gnu11;
				GCC_DYNAMIC_NO_PIC = NO;
				GCC_NO_COMMON_BLOCKS = YES;
				GCC_OPTIMIZATION_LEVEL = 0;
				GCC_PREPROCESSOR_DEFINITIONS = (
					"DEBUG=1",
					"$(inherited)",
				);
				GCC_WARN_64_TO_32_BIT_CONVERSION = YES;
				GCC_WARN_ABOUT_RETURN_TYPE = YES_ERROR;
				GCC_WARN_UNDECLARED_SELECTOR = YES;
				GCC_WARN_UNINITIALIZED_AUTOS = YES_AGGRESSIVE;
				GCC_WARN_UNUSED_FUNCTION = YES;
				GCC_WARN_UNUSED_VARIABLE = YES;
				IPHONEOS_DEPLOYMENT_TARGET = 14.5;
				MTL_ENABLE_DEBUG_INFO = INCLUDE_SOURCE;
				MTL_FAST_MATH = YES;
				ONLY_ACTIVE_ARCH = YES;
				SDKROOT = iphoneos;
			};
			name = Debug;
		};
		BC4555E9269BE5A8002FAC33 /* Release */ = {
			isa = XCBuildConfiguration;
			buildSettings = {
				ALWAYS_SEARCH_USER_PATHS = NO;
				CLANG_ANALYZER_NONNULL = YES;
				CLANG_ANALYZER_NUMBER_OBJECT_CONVERSION = YES_AGGRESSIVE;
				CLANG_CXX_LANGUAGE_STANDARD = "gnu++14";
				CLANG_CXX_LIBRARY = "libc++";
				CLANG_ENABLE_MODULES = YES;
				CLANG_ENABLE_OBJC_ARC = YES;
				CLANG_ENABLE_OBJC_WEAK = YES;
				CLANG_WARN_BLOCK_CAPTURE_AUTORELEASING = YES;
				CLANG_WARN_BOOL_CONVERSION = YES;
				CLANG_WARN_COMMA = YES;
				CLANG_WARN_CONSTANT_CONVERSION = YES;
				CLANG_WARN_DEPRECATED_OBJC_IMPLEMENTATIONS = YES;
				CLANG_WARN_DIRECT_OBJC_ISA_USAGE = YES_ERROR;
				CLANG_WARN_DOCUMENTATION_COMMENTS = YES;
				CLANG_WARN_EMPTY_BODY = YES;
				CLANG_WARN_ENUM_CONVERSION = YES;
				CLANG_WARN_INFINITE_RECURSION = YES;
				CLANG_WARN_INT_CONVERSION = YES;
				CLANG_WARN_NON_LITERAL_NULL_CONVERSION = YES;
				CLANG_WARN_OBJC_IMPLICIT_RETAIN_SELF = YES;
				CLANG_WARN_OBJC_LITERAL_CONVERSION = YES;
				CLANG_WARN_OBJC_ROOT_CLASS = YES_ERROR;
				CLANG_WARN_QUOTED_INCLUDE_IN_FRAMEWORK_HEADER = YES;
				CLANG_WARN_RANGE_LOOP_ANALYSIS = YES;
				CLANG_WARN_STRICT_PROTOTYPES = YES;
				CLANG_WARN_SUSPICIOUS_MOVE = YES;
				CLANG_WARN_UNGUARDED_AVAILABILITY = YES_AGGRESSIVE;
				CLANG_WARN_UNREACHABLE_CODE = YES;
				CLANG_WARN__DUPLICATE_METHOD_MATCH = YES;
				COPY_PHASE_STRIP = NO;
				DEBUG_INFORMATION_FORMAT = "dwarf-with-dsym";
				ENABLE_NS_ASSERTIONS = NO;
				ENABLE_STRICT_OBJC_MSGSEND = YES;
				GCC_C_LANGUAGE_STANDARD = gnu11;
				GCC_NO_COMMON_BLOCKS = YES;
				GCC_WARN_64_TO_32_BIT_CONVERSION = YES;
				GCC_WARN_ABOUT_RETURN_TYPE = YES_ERROR;
				GCC_WARN_UNDECLARED_SELECTOR = YES;
				GCC_WARN_UNINITIALIZED_AUTOS = YES_AGGRESSIVE;
				GCC_WARN_UNUSED_FUNCTION = YES;
				GCC_WARN_UNUSED_VARIABLE = YES;
				IPHONEOS_DEPLOYMENT_TARGET = 14.5;
				MTL_ENABLE_DEBUG_INFO = NO;
				MTL_FAST_MATH = YES;
				SDKROOT = iphoneos;
				VALIDATE_PRODUCT = YES;
			};
			name = Release;
		};
		BC4555EB269BE5A8002FAC33 /* Debug */ = {
			isa = XCBuildConfiguration;
			baseConfigurationReference = 0B96AB60D0D9FB3F6BD68BE2 /* Pods-B_Category.debug.xcconfig */;
			buildSettings = {
				ASSETCATALOG_COMPILER_APPICON_NAME = AppIcon;
				ASSETCATALOG_COMPILER_GLOBAL_ACCENT_COLOR_NAME = AccentColor;
				CODE_SIGN_STYLE = Automatic;
				DEVELOPMENT_TEAM = K2J3UFSVYE;
				INFOPLIST_FILE = B_Category/Info.plist;
				LD_RUNPATH_SEARCH_PATHS = (
					"$(inherited)",
					"@executable_path/Frameworks",
				);
				PRODUCT_BUNDLE_IDENTIFIER = "com.ddky.B-Category";
				PRODUCT_NAME = "$(TARGET_NAME)";
				TARGETED_DEVICE_FAMILY = "1,2";
			};
			name = Debug;
		};
		BC4555EC269BE5A8002FAC33 /* Release */ = {
			isa = XCBuildConfiguration;
			baseConfigurationReference = 5CDB99BFEAE108045194C81C /* Pods-B_Category.release.xcconfig */;
			buildSettings = {
				ASSETCATALOG_COMPILER_APPICON_NAME = AppIcon;
				ASSETCATALOG_COMPILER_GLOBAL_ACCENT_COLOR_NAME = AccentColor;
				CODE_SIGN_STYLE = Automatic;
				DEVELOPMENT_TEAM = K2J3UFSVYE;
				INFOPLIST_FILE = B_Category/Info.plist;
				LD_RUNPATH_SEARCH_PATHS = (
					"$(inherited)",
					"@executable_path/Frameworks",
				);
				PRODUCT_BUNDLE_IDENTIFIER = "com.ddky.B-Category";
				PRODUCT_NAME = "$(TARGET_NAME)";
				TARGETED_DEVICE_FAMILY = "1,2";
			};
			name = Release;
		};
/* End XCBuildConfiguration section */

/* Begin XCConfigurationList section */
		BC4555CC269BE5A6002FAC33 /* Build configuration list for PBXProject "B_Category" */ = {
			isa = XCConfigurationList;
			buildConfigurations = (
				BC4555E8269BE5A8002FAC33 /* Debug */,
				BC4555E9269BE5A8002FAC33 /* Release */,
			);
			defaultConfigurationIsVisible = 0;
			defaultConfigurationName = Release;
		};
		BC4555EA269BE5A8002FAC33 /* Build configuration list for PBXNativeTarget "B_Category" */ = {
			isa = XCConfigurationList;
			buildConfigurations = (
				BC4555EB269BE5A8002FAC33 /* Debug */,
				BC4555EC269BE5A8002FAC33 /* Release */,
			);
			defaultConfigurationIsVisible = 0;
			defaultConfigurationName = Release;
		};
/* End XCConfigurationList section */
	};
	rootObject = BC4555C9269BE5A6002FAC33 /* Project object */;
}
